<?xml version="1.0" encoding="utf-8"?>
<Project ToolsVersion="4.0" xmlns="http://schemas.microsoft.com/developer/msbuild/2003">
  <ItemGroup>
    <Filter Include="Source Files">
      <UniqueIdentifier>{4FC737F1-C7A5-4376-A066-2A32D752A2FF}</UniqueIdentifier>
      <Extensions>cpp;c;cc;cxx;def;odl;idl;hpj;bat;asm;asmx</Extensions>
    </Filter>
    <Filter Include="Header Files">
      <UniqueIdentifier>{93995380-89BD-4b04-88EB-625FBE52EBFB}</UniqueIdentifier>
      <Extensions>h;hh;hpp;hxx;hm;inl;inc;xsd</Extensions>
    </Filter>
    <Filter Include="Resource Files">
      <UniqueIdentifier>{67DA6AB6-F800-4c08-8B7A-83BB121AAD01}</UniqueIdentifier>
      <Extensions>rc;ico;cur;bmp;dlg;rc2;rct;bin;rgs;gif;jpg;jpeg;jpe;resx;tiff;tif;png;wav;mfcribbon-ms</Extensions>
    </Filter>
  </ItemGroup>
  <ItemGroup>
    <ClCompile Include="dotmmain.cpp">
      <Filter>Source Files</Filter>
    </ClCompile>
    <ClCompile Include="window.cpp">
      <Filter>Source Files</Filter>
    </ClCompile>
    <ClCompile Include="states\gsqueue.cpp">
      <Filter>Source Files</Filter>
    </ClCompile>
    <ClCompile Include="states\agamestate.cpp">
      <Filter>Source Files</Filter>
    </ClCompile>
    <ClCompile Include="states\playstate.cpp">
      <Filter>Source Files</Filter>
    </ClCompile>
    <ClCompile Include="rendering\renderer.cpp">
      <Filter>Source Files</Filter>
    </ClCompile>
    <ClCompile Include="rendering\d3d11state.cpp">
      <Filter>Source Files</Filter>
    </ClCompile>
    <ClCompile Include="config\configparser.cpp">
      <Filter>Source Files</Filter>
    </ClCompile>
    <ClCompile Include="util\strings.cpp">
      <Filter>Source Files</Filter>
    </ClCompile>
    <ClCompile Include="rendering\shader.cpp">
      <Filter>Source Files</Filter>
    </ClCompile>
    <ClCompile Include="rendering\mesh.cpp">
      <Filter>Source Files</Filter>
    </ClCompile>
    <ClCompile Include="util\stringutils.cpp">
      <Filter>Source Files</Filter>
    </ClCompile>
    <ClCompile Include="rendering\ddsloader.cpp">
      <Filter>Source Files</Filter>
    </ClCompile>
    <ClCompile Include="handlers\inputhandler.cpp">
      <Filter>Source Files</Filter>
    </ClCompile>
    <ClCompile Include="game\camera.cpp">
      <Filter>Source Files</Filter>
    </ClCompile>
    <ClCompile Include="rendering\texture.cpp">
      <Filter>Source Files</Filter>
    </ClCompile>
    <ClCompile Include="rendering\font.cpp">
      <Filter>Source Files</Filter>
    </ClCompile>
    <ClCompile Include="systemmonitor.cpp">
      <Filter>Source Files</Filter>
    </ClCompile>
    <ClCompile Include="util\physics.cpp">
      <Filter>Source Files</Filter>
    </ClCompile>
    <ClCompile Include="util\math.cpp">
      <Filter>Source Files</Filter>
    </ClCompile>
    <ClCompile Include="game\scene.cpp">
      <Filter>Source Files</Filter>
    </ClCompile>
    <ClCompile Include="rendering\lights.cpp">
      <Filter>Source Files</Filter>
    </ClCompile>
    <ClCompile Include="game\entity.cpp">
      <Filter>Source Files</Filter>
    </ClCompile>
    <ClCompile Include="game\tilemap.cpp">
      <Filter>Source Files</Filter>
    </ClCompile>
    <ClCompile Include="game\command.cpp">
      <Filter>Source Files</Filter>
    </ClCompile>
    <ClCompile Include="game\pathfinding.cpp">
      <Filter>Source Files</Filter>
    </ClCompile>
    <ClCompile Include="game\eturret.cpp">
      <Filter>Source Files</Filter>
    </ClCompile>
    <ClCompile Include="game\eprojectile.cpp">
      <Filter>Source Files</Filter>
    </ClCompile>
  </ItemGroup>
  <ItemGroup>
    <ClInclude Include="window.h">
      <Filter>Header Files</Filter>
    </ClInclude>
    <ClInclude Include="states\gsqueue.h">
      <Filter>Header Files</Filter>
    </ClInclude>
    <ClInclude Include="states\agamestate.h">
      <Filter>Header Files</Filter>
    </ClInclude>
    <ClInclude Include="states\playstate.h">
      <Filter>Header Files</Filter>
    </ClInclude>
    <ClInclude Include="rendering\d3d11state.h">
      <Filter>Header Files</Filter>
    </ClInclude>
    <ClInclude Include="rendering\d3d11common.h">
      <Filter>Header Files</Filter>
    </ClInclude>
    <ClInclude Include="config\configparser.h">
      <Filter>Header Files</Filter>
    </ClInclude>
    <ClInclude Include="rendering\renderer.h">
      <Filter>Header Files</Filter>
    </ClInclude>
    <ClInclude Include="dotmdef.h">
      <Filter>Header Files</Filter>
    </ClInclude>
    <ClInclude Include="util\strings.h">
      <Filter>Header Files</Filter>
    </ClInclude>
    <ClInclude Include="rendering\shader.h">
      <Filter>Header Files</Filter>
    </ClInclude>
    <ClInclude Include="util\math.h">
      <Filter>Header Files</Filter>
    </ClInclude>
    <ClInclude Include="rendering\mesh.h">
      <Filter>Header Files</Filter>
    </ClInclude>
    <ClInclude Include="util\stringutils.h">
      <Filter>Header Files</Filter>
    </ClInclude>
    <ClInclude Include="rendering\ddshelpers.h">
      <Filter>Header Files</Filter>
    </ClInclude>
    <ClInclude Include="rendering\ddsloader.h">
      <Filter>Header Files</Filter>
    </ClInclude>
    <ClInclude Include="game\camera.h">
      <Filter>Header Files</Filter>
    </ClInclude>
    <ClInclude Include="util\logging.h">
      <Filter>Header Files</Filter>
    </ClInclude>
    <ClInclude Include="handlers\inputhandler.h">
      <Filter>Header Files</Filter>
    </ClInclude>
    <ClInclude Include="rendering\font.h">
      <Filter>Header Files</Filter>
    </ClInclude>
    <ClInclude Include="rendering\texture.h">
      <Filter>Header Files</Filter>
    </ClInclude>
    <ClInclude Include="systemmonitor.h">
      <Filter>Header Files</Filter>
    </ClInclude>
    <ClInclude Include="util\physics.h">
      <Filter>Header Files</Filter>
    </ClInclude>
    <ClInclude Include="game\scene.h">
      <Filter>Header Files</Filter>
    </ClInclude>
    <ClInclude Include="rendering\lights.h">
      <Filter>Header Files</Filter>
    </ClInclude>
    <ClInclude Include="game\entity.h">
      <Filter>Header Files</Filter>
    </ClInclude>
    <ClInclude Include="game\tilemap.h">
      <Filter>Header Files</Filter>
    </ClInclude>
    <ClInclude Include="game\command.h">
      <Filter>Header Files</Filter>
    </ClInclude>
    <ClInclude Include="game\pathfinding.h">
      <Filter>Header Files</Filter>
    </ClInclude>
    <ClInclude Include="game\eturret.h">
      <Filter>Header Files</Filter>
    </ClInclude>
    <ClInclude Include="game\eprojectile.h">
      <Filter>Header Files</Filter>
    </ClInclude>
  </ItemGroup>
  <ItemGroup>
    <None Include="config\rendconfig.ini" />
    <None Include="shaders\std.vs" />
    <None Include="shaders\std.ps" />
    <None Include="config\winconfig.ini" />
    <None Include="config\camconfig.ini" />
  </ItemGroup>
</Project>